// !$*UTF8*$!
{
	archiveVersion = 1;
	classes = {
	};
	objectVersion = 50;
	objects = {

/* Begin PBXBuildFile section */
		841FCCF724558A7200B7C57F /* AppDelegate.swift in Sources */ = {isa = PBXBuildFile; fileRef = 841FCCF624558A7200B7C57F /* AppDelegate.swift */; };
		841FCCF924558A7200B7C57F /* SceneDelegate.swift in Sources */ = {isa = PBXBuildFile; fileRef = 841FCCF824558A7200B7C57F /* SceneDelegate.swift */; };
		841FCCFE24558A7200B7C57F /* Main.storyboard in Resources */ = {isa = PBXBuildFile; fileRef = 841FCCFC24558A7200B7C57F /* Main.storyboard */; };
		841FCD0024558A7200B7C57F /* Assets.xcassets in Resources */ = {isa = PBXBuildFile; fileRef = 841FCCFF24558A7200B7C57F /* Assets.xcassets */; };
		841FCD0324558A7200B7C57F /* LaunchScreen.storyboard in Resources */ = {isa = PBXBuildFile; fileRef = 841FCD0124558A7200B7C57F /* LaunchScreen.storyboard */; };
		841FCD0B24558AC800B7C57F /* LoginFormController.swift in Sources */ = {isa = PBXBuildFile; fileRef = 841FCD0A24558AC800B7C57F /* LoginFormController.swift */; };
		842EDF55246BE8F400E5FA0A /* FriendsTableViewCell.swift in Sources */ = {isa = PBXBuildFile; fileRef = 842EDF54246BE8F400E5FA0A /* FriendsTableViewCell.swift */; };
		846B130024751F2B0089D5B9 /* AvatarControl.swift in Sources */ = {isa = PBXBuildFile; fileRef = 846B12FF24751F2B0089D5B9 /* AvatarControl.swift */; };
		846B13042475B7E80089D5B9 /* LikeView.swift in Sources */ = {isa = PBXBuildFile; fileRef = 846B13032475B7E80089D5B9 /* LikeView.swift */; };
		847D16952476E26B0025448B /* SearchGroupsTableViewController.swift in Sources */ = {isa = PBXBuildFile; fileRef = 847D16942476E26B0025448B /* SearchGroupsTableViewController.swift */; };
		847D16972476E2B60025448B /* SearchGroupsTableViewCell.swift in Sources */ = {isa = PBXBuildFile; fileRef = 847D16962476E2B60025448B /* SearchGroupsTableViewCell.swift */; };
		84953E81246C5C52007FCD34 /* FriendsCollectionViewController.swift in Sources */ = {isa = PBXBuildFile; fileRef = 84953E80246C5C52007FCD34 /* FriendsCollectionViewController.swift */; };
		84953E83246C5CAF007FCD34 /* FriendsCollectionViewCell.swift in Sources */ = {isa = PBXBuildFile; fileRef = 84953E82246C5CAF007FCD34 /* FriendsCollectionViewCell.swift */; };
		84953E85246D7310007FCD34 /* FriendPhotoViewController.swift in Sources */ = {isa = PBXBuildFile; fileRef = 84953E84246D7310007FCD34 /* FriendPhotoViewController.swift */; };
		849ABB72247BF64E005424B8 /* NewsTableViewController.swift in Sources */ = {isa = PBXBuildFile; fileRef = 849ABB71247BF64E005424B8 /* NewsTableViewController.swift */; };
		849ABB74247BF668005424B8 /* NewsTableViewCell.swift in Sources */ = {isa = PBXBuildFile; fileRef = 849ABB73247BF668005424B8 /* NewsTableViewCell.swift */; };
		84A14A632463F6DD00F697D7 /* FriendsViewController.swift in Sources */ = {isa = PBXBuildFile; fileRef = 84A14A622463F6DD00F697D7 /* FriendsViewController.swift */; };
		84A14A652463F8CC00F697D7 /* GroupsViewController.swift in Sources */ = {isa = PBXBuildFile; fileRef = 84A14A642463F8CC00F697D7 /* GroupsViewController.swift */; };
		84A14A6724645C3500F697D7 /* GroupsTableViewCell.swift in Sources */ = {isa = PBXBuildFile; fileRef = 84A14A6624645C3500F697D7 /* GroupsTableViewCell.swift */; };
		84A14A6B2465326C00F697D7 /* Model.swift in Sources */ = {isa = PBXBuildFile; fileRef = 84A14A6A2465326C00F697D7 /* Model.swift */; };
		84A14A6D2465451200F697D7 /* Data.swift in Sources */ = {isa = PBXBuildFile; fileRef = 84A14A6C2465451200F697D7 /* Data.swift */; };
/* End PBXBuildFile section */

/* Begin PBXFileReference section */
		841FCCF324558A7200B7C57F /* app-ios.app */ = {isa = PBXFileReference; explicitFileType = wrapper.application; includeInIndex = 0; path = "app-ios.app"; sourceTree = BUILT_PRODUCTS_DIR; };
		841FCCF624558A7200B7C57F /* AppDelegate.swift */ = {isa = PBXFileReference; lastKnownFileType = sourcecode.swift; path = AppDelegate.swift; sourceTree = "<group>"; };
		841FCCF824558A7200B7C57F /* SceneDelegate.swift */ = {isa = PBXFileReference; lastKnownFileType = sourcecode.swift; path = SceneDelegate.swift; sourceTree = "<group>"; };
		841FCCFD24558A7200B7C57F /* Base */ = {isa = PBXFileReference; lastKnownFileType = file.storyboard; name = Base; path = Base.lproj/Main.storyboard; sourceTree = "<group>"; };
		841FCCFF24558A7200B7C57F /* Assets.xcassets */ = {isa = PBXFileReference; lastKnownFileType = folder.assetcatalog; path = Assets.xcassets; sourceTree = "<group>"; };
		841FCD0224558A7200B7C57F /* Base */ = {isa = PBXFileReference; lastKnownFileType = file.storyboard; name = Base; path = Base.lproj/LaunchScreen.storyboard; sourceTree = "<group>"; };
		841FCD0424558A7200B7C57F /* Info.plist */ = {isa = PBXFileReference; lastKnownFileType = text.plist.xml; path = Info.plist; sourceTree = "<group>"; };
		841FCD0A24558AC800B7C57F /* LoginFormController.swift */ = {isa = PBXFileReference; lastKnownFileType = sourcecode.swift; path = LoginFormController.swift; sourceTree = "<group>"; };
		842EDF54246BE8F400E5FA0A /* FriendsTableViewCell.swift */ = {isa = PBXFileReference; lastKnownFileType = sourcecode.swift; name = FriendsTableViewCell.swift; path = "app-ios/Friends/FriendsTableViewCell.swift"; sourceTree = SOURCE_ROOT; };
		846B12FF24751F2B0089D5B9 /* AvatarControl.swift */ = {isa = PBXFileReference; lastKnownFileType = sourcecode.swift; path = AvatarControl.swift; sourceTree = "<group>"; };
		846B13032475B7E80089D5B9 /* LikeView.swift */ = {isa = PBXFileReference; lastKnownFileType = sourcecode.swift; path = LikeView.swift; sourceTree = "<group>"; };
		847D16942476E26B0025448B /* SearchGroupsTableViewController.swift */ = {isa = PBXFileReference; lastKnownFileType = sourcecode.swift; path = SearchGroupsTableViewController.swift; sourceTree = "<group>"; };
		847D16962476E2B60025448B /* SearchGroupsTableViewCell.swift */ = {isa = PBXFileReference; lastKnownFileType = sourcecode.swift; path = SearchGroupsTableViewCell.swift; sourceTree = "<group>"; };
		84953E80246C5C52007FCD34 /* FriendsCollectionViewController.swift */ = {isa = PBXFileReference; lastKnownFileType = sourcecode.swift; path = FriendsCollectionViewController.swift; sourceTree = "<group>"; };
		84953E82246C5CAF007FCD34 /* FriendsCollectionViewCell.swift */ = {isa = PBXFileReference; lastKnownFileType = sourcecode.swift; path = FriendsCollectionViewCell.swift; sourceTree = "<group>"; };
		84953E84246D7310007FCD34 /* FriendPhotoViewController.swift */ = {isa = PBXFileReference; lastKnownFileType = sourcecode.swift; path = FriendPhotoViewController.swift; sourceTree = "<group>"; };
		849ABB71247BF64E005424B8 /* NewsTableViewController.swift */ = {isa = PBXFileReference; lastKnownFileType = sourcecode.swift; path = NewsTableViewController.swift; sourceTree = "<group>"; };
		849ABB73247BF668005424B8 /* NewsTableViewCell.swift */ = {isa = PBXFileReference; lastKnownFileType = sourcecode.swift; path = NewsTableViewCell.swift; sourceTree = "<group>"; };
		84A14A622463F6DD00F697D7 /* FriendsViewController.swift */ = {isa = PBXFileReference; lastKnownFileType = sourcecode.swift; path = FriendsViewController.swift; sourceTree = "<group>"; };
		84A14A642463F8CC00F697D7 /* GroupsViewController.swift */ = {isa = PBXFileReference; lastKnownFileType = sourcecode.swift; path = GroupsViewController.swift; sourceTree = "<group>"; };
		84A14A6624645C3500F697D7 /* GroupsTableViewCell.swift */ = {isa = PBXFileReference; lastKnownFileType = sourcecode.swift; path = GroupsTableViewCell.swift; sourceTree = "<group>"; };
		84A14A6A2465326C00F697D7 /* Model.swift */ = {isa = PBXFileReference; lastKnownFileType = sourcecode.swift; path = Model.swift; sourceTree = "<group>"; };
		84A14A6C2465451200F697D7 /* Data.swift */ = {isa = PBXFileReference; lastKnownFileType = sourcecode.swift; path = Data.swift; sourceTree = "<group>"; };
/* End PBXFileReference section */

/* Begin PBXFrameworksBuildPhase section */
		841FCCF024558A7200B7C57F /* Frameworks */ = {
			isa = PBXFrameworksBuildPhase;
			buildActionMask = 2147483647;
			files = (
			);
			runOnlyForDeploymentPostprocessing = 0;
		};
/* End PBXFrameworksBuildPhase section */

/* Begin PBXGroup section */
		841FCCEA24558A7200B7C57F = {
			isa = PBXGroup;
			children = (
				841FCCF524558A7200B7C57F /* app-ios */,
				841FCCF424558A7200B7C57F /* Products */,
			);
			sourceTree = "<group>";
		};
		841FCCF424558A7200B7C57F /* Products */ = {
			isa = PBXGroup;
			children = (
				841FCCF324558A7200B7C57F /* app-ios.app */,
			);
			name = Products;
			sourceTree = "<group>";
		};
		841FCCF524558A7200B7C57F /* app-ios */ = {
			isa = PBXGroup;
			children = (
				841FCCF624558A7200B7C57F /* AppDelegate.swift */,
				841FCCF824558A7200B7C57F /* SceneDelegate.swift */,
				84A14A70246B2C4200F697D7 /* Model */,
				84953E7E246C4018007FCD34 /* Friends */,
				84953E7F246C4050007FCD34 /* Groups */,
				849ABB70247BF5FC005424B8 /* News */,
				841FCCFC24558A7200B7C57F /* Main.storyboard */,
				841FCD0A24558AC800B7C57F /* LoginFormController.swift */,
				841FCCFF24558A7200B7C57F /* Assets.xcassets */,
				841FCD0124558A7200B7C57F /* LaunchScreen.storyboard */,
				841FCD0424558A7200B7C57F /* Info.plist */,
			);
			path = "app-ios";
			sourceTree = "<group>";
		};
		84953E7E246C4018007FCD34 /* Friends */ = {
			isa = PBXGroup;
			children = (
				84953E84246D7310007FCD34 /* FriendPhotoViewController.swift */,
				84953E82246C5CAF007FCD34 /* FriendsCollectionViewCell.swift */,
				84953E80246C5C52007FCD34 /* FriendsCollectionViewController.swift */,
				842EDF54246BE8F400E5FA0A /* FriendsTableViewCell.swift */,
				84A14A622463F6DD00F697D7 /* FriendsViewController.swift */,
				846B12FF24751F2B0089D5B9 /* AvatarControl.swift */,
				846B13032475B7E80089D5B9 /* LikeView.swift */,
			);
			path = Friends;
			sourceTree = "<group>";
		};
		84953E7F246C4050007FCD34 /* Groups */ = {
			isa = PBXGroup;
			children = (
				84A14A642463F8CC00F697D7 /* GroupsViewController.swift */,
				84A14A6624645C3500F697D7 /* GroupsTableViewCell.swift */,
				847D16942476E26B0025448B /* SearchGroupsTableViewController.swift */,
				847D16962476E2B60025448B /* SearchGroupsTableViewCell.swift */,
			);
			path = Groups;
			sourceTree = "<group>";
		};
		849ABB70247BF5FC005424B8 /* News */ = {
			isa = PBXGroup;
			children = (
				849ABB71247BF64E005424B8 /* NewsTableViewController.swift */,
				849ABB73247BF668005424B8 /* NewsTableViewCell.swift */,
			);
			path = News;
			sourceTree = "<group>";
		};
		84A14A70246B2C4200F697D7 /* Model */ = {
			isa = PBXGroup;
			children = (
				84A14A6A2465326C00F697D7 /* Model.swift */,
				84A14A6C2465451200F697D7 /* Data.swift */,
			);
			path = Model;
			sourceTree = "<group>";
		};
/* End PBXGroup section */

/* Begin PBXNativeTarget section */
		841FCCF224558A7200B7C57F /* app-ios */ = {
			isa = PBXNativeTarget;
			buildConfigurationList = 841FCD0724558A7200B7C57F /* Build configuration list for PBXNativeTarget "app-ios" */;
			buildPhases = (
				841FCCEF24558A7200B7C57F /* Sources */,
				841FCCF024558A7200B7C57F /* Frameworks */,
				841FCCF124558A7200B7C57F /* Resources */,
			);
			buildRules = (
			);
			dependencies = (
			);
			name = "app-ios";
			productName = "app-ios";
			productReference = 841FCCF324558A7200B7C57F /* app-ios.app */;
			productType = "com.apple.product-type.application";
		};
/* End PBXNativeTarget section */

/* Begin PBXProject section */
		841FCCEB24558A7200B7C57F /* Project object */ = {
			isa = PBXProject;
			attributes = {
				LastSwiftUpdateCheck = 1140;
				LastUpgradeCheck = 1140;
				ORGANIZATIONNAME = Admin;
				TargetAttributes = {
					841FCCF224558A7200B7C57F = {
						CreatedOnToolsVersion = 11.4.1;
					};
				};
			};
			buildConfigurationList = 841FCCEE24558A7200B7C57F /* Build configuration list for PBXProject "app-ios" */;
			compatibilityVersion = "Xcode 9.3";
			developmentRegion = en;
			hasScannedForEncodings = 0;
			knownRegions = (
				en,
				Base,
			);
			mainGroup = 841FCCEA24558A7200B7C57F;
			productRefGroup = 841FCCF424558A7200B7C57F /* Products */;
			projectDirPath = "";
			projectRoot = "";
			targets = (
				841FCCF224558A7200B7C57F /* app-ios */,
			);
		};
/* End PBXProject section */

/* Begin PBXResourcesBuildPhase section */
		841FCCF124558A7200B7C57F /* Resources */ = {
			isa = PBXResourcesBuildPhase;
			buildActionMask = 2147483647;
			files = (
				841FCD0324558A7200B7C57F /* LaunchScreen.storyboard in Resources */,
				841FCD0024558A7200B7C57F /* Assets.xcassets in Resources */,
				841FCCFE24558A7200B7C57F /* Main.storyboard in Resources */,
			);
			runOnlyForDeploymentPostprocessing = 0;
		};
/* End PBXResourcesBuildPhase section */

/* Begin PBXSourcesBuildPhase section */
		841FCCEF24558A7200B7C57F /* Sources */ = {
			isa = PBXSourcesBuildPhase;
			buildActionMask = 2147483647;
			files = (
				842EDF55246BE8F400E5FA0A /* FriendsTableViewCell.swift in Sources */,
				84A14A6B2465326C00F697D7 /* Model.swift in Sources */,
				84A14A632463F6DD00F697D7 /* FriendsViewController.swift in Sources */,
				849ABB72247BF64E005424B8 /* NewsTableViewController.swift in Sources */,
				847D16972476E2B60025448B /* SearchGroupsTableViewCell.swift in Sources */,
				847D16952476E26B0025448B /* SearchGroupsTableViewController.swift in Sources */,
				84A14A6724645C3500F697D7 /* GroupsTableViewCell.swift in Sources */,
				841FCD0B24558AC800B7C57F /* LoginFormController.swift in Sources */,
				849ABB74247BF668005424B8 /* NewsTableViewCell.swift in Sources */,
				841FCCF724558A7200B7C57F /* AppDelegate.swift in Sources */,
				84953E81246C5C52007FCD34 /* FriendsCollectionViewController.swift in Sources */,
				846B13042475B7E80089D5B9 /* LikeView.swift in Sources */,
				84953E83246C5CAF007FCD34 /* FriendsCollectionViewCell.swift in Sources */,
				846B130024751F2B0089D5B9 /* AvatarControl.swift in Sources */,
				841FCCF924558A7200B7C57F /* SceneDelegate.swift in Sources */,
				84A14A652463F8CC00F697D7 /* GroupsViewController.swift in Sources */,
				84A14A6D2465451200F697D7 /* Data.swift in Sources */,
				84953E85246D7310007FCD34 /* FriendPhotoViewController.swift in Sources */,
			);
			runOnlyForDeploymentPostprocessing = 0;
		};
/* End PBXSourcesBuildPhase section */

/* Begin PBXVariantGroup section */
		841FCCFC24558A7200B7C57F /* Main.storyboard */ = {
			isa = PBXVariantGroup;
			children = (
				841FCCFD24558A7200B7C57F /* Base */,
			);
			name = Main.storyboard;
			sourceTree = "<group>";
		};
		841FCD0124558A7200B7C57F /* LaunchScreen.storyboard */ = {
			isa = PBXVariantGroup;
			children = (
				841FCD0224558A7200B7C57F /* Base */,
			);
			name = LaunchScreen.storyboard;
			sourceTree = "<group>";
		};
/* End PBXVariantGroup section */

/* Begin XCBuildConfiguration section */
		841FCD0524558A7200B7C57F /* Debug */ = {
			isa = XCBuildConfiguration;
			buildSettings = {
				ALWAYS_SEARCH_USER_PATHS = NO;
				CLANG_ANALYZER_NONNULL = YES;
				CLANG_ANALYZER_NUMBER_OBJECT_CONVERSION = YES_AGGRESSIVE;
				CLANG_CXX_LANGUAGE_STANDARD = "gnu++14";
				CLANG_CXX_LIBRARY = "libc++";
				CLANG_ENABLE_MODULES = YES;
				CLANG_ENABLE_OBJC_ARC = YES;
				CLANG_ENABLE_OBJC_WEAK = YES;
				CLANG_WARN_BLOCK_CAPTURE_AUTORELEASING = YES;
				CLANG_WARN_BOOL_CONVERSION = YES;
				CLANG_WARN_COMMA = YES;
				CLANG_WARN_CONSTANT_CONVERSION = YES;
				CLANG_WARN_DEPRECATED_OBJC_IMPLEMENTATIONS = YES;
				CLANG_WARN_DIRECT_OBJC_ISA_USAGE = YES_ERROR;
				CLANG_WARN_DOCUMENTATION_COMMENTS = YES;
				CLANG_WARN_EMPTY_BODY = YES;
				CLANG_WARN_ENUM_CONVERSION = YES;
				CLANG_WARN_INFINITE_RECURSION = YES;
				CLANG_WARN_INT_CONVERSION = YES;
				CLANG_WARN_NON_LITERAL_NULL_CONVERSION = YES;
				CLANG_WARN_OBJC_IMPLICIT_RETAIN_SELF = YES;
				CLANG_WARN_OBJC_LITERAL_CONVERSION = YES;
				CLANG_WARN_OBJC_ROOT_CLASS = YES_ERROR;
				CLANG_WARN_RANGE_LOOP_ANALYSIS = YES;
				CLANG_WARN_STRICT_PROTOTYPES = YES;
				CLANG_WARN_SUSPICIOUS_MOVE = YES;
				CLANG_WARN_UNGUARDED_AVAILABILITY = YES_AGGRESSIVE;
				CLANG_WARN_UNREACHABLE_CODE = YES;
				CLANG_WARN__DUPLICATE_METHOD_MATCH = YES;
				COPY_PHASE_STRIP = NO;
				DEBUG_INFORMATION_FORMAT = dwarf;
				ENABLE_STRICT_OBJC_MSGSEND = YES;
				ENABLE_TESTABILITY = YES;
				GCC_C_LANGUAGE_STANDARD = gnu11;
				GCC_DYNAMIC_NO_PIC = NO;
				GCC_NO_COMMON_BLOCKS = YES;
				GCC_OPTIMIZATION_LEVEL = 0;
				GCC_PREPROCESSOR_DEFINITIONS = (
					"DEBUG=1",
					"$(inherited)",
				);
				GCC_WARN_64_TO_32_BIT_CONVERSION = YES;
				GCC_WARN_ABOUT_RETURN_TYPE = YES_ERROR;
				GCC_WARN_UNDECLARED_SELECTOR = YES;
				GCC_WARN_UNINITIALIZED_AUTOS = YES_AGGRESSIVE;
				GCC_WARN_UNUSED_FUNCTION = YES;
				GCC_WARN_UNUSED_VARIABLE = YES;
				IPHONEOS_DEPLOYMENT_TARGET = 13.4;
				MTL_ENABLE_DEBUG_INFO = INCLUDE_SOURCE;
				MTL_FAST_MATH = YES;
				ONLY_ACTIVE_ARCH = YES;
				SDKROOT = iphoneos;
				SWIFT_ACTIVE_COMPILATION_CONDITIONS = DEBUG;
				SWIFT_OPTIMIZATION_LEVEL = "-Onone";
			};
			name = Debug;
		};
		841FCD0624558A7200B7C57F /* Release */ = {
			isa = XCBuildConfiguration;
			buildSettings = {
				ALWAYS_SEARCH_USER_PATHS = NO;
				CLANG_ANALYZER_NONNULL = YES;
				CLANG_ANALYZER_NUMBER_OBJECT_CONVERSION = YES_AGGRESSIVE;
				CLANG_CXX_LANGUAGE_STANDARD = "gnu++14";
				CLANG_CXX_LIBRARY = "libc++";
				CLANG_ENABLE_MODULES = YES;
				CLANG_ENABLE_OBJC_ARC = YES;
				CLANG_ENABLE_OBJC_WEAK = YES;
				CLANG_WARN_BLOCK_CAPTURE_AUTORELEASING = YES;
				CLANG_WARN_BOOL_CONVERSION = YES;
				CLANG_WARN_COMMA = YES;
				CLANG_WARN_CONSTANT_CONVERSION = YES;
				CLANG_WARN_DEPRECATED_OBJC_IMPLEMENTATIONS = YES;
				CLANG_WARN_DIRECT_OBJC_ISA_USAGE = YES_ERROR;
				CLANG_WARN_DOCUMENTATION_COMMENTS = YES;
				CLANG_WARN_EMPTY_BODY = YES;
				CLANG_WARN_ENUM_CONVERSION = YES;
				CLANG_WARN_INFINITE_RECURSION = YES;
				CLANG_WARN_INT_CONVERSION = YES;
				CLANG_WARN_NON_LITERAL_NULL_CONVERSION = YES;
				CLANG_WARN_OBJC_IMPLICIT_RETAIN_SELF = YES;
				CLANG_WARN_OBJC_LITERAL_CONVERSION = YES;
				CLANG_WARN_OBJC_ROOT_CLASS = YES_ERROR;
				CLANG_WARN_RANGE_LOOP_ANALYSIS = YES;
				CLANG_WARN_STRICT_PROTOTYPES = YES;
				CLANG_WARN_SUSPICIOUS_MOVE = YES;
				CLANG_WARN_UNGUARDED_AVAILABILITY = YES_AGGRESSIVE;
				CLANG_WARN_UNREACHABLE_CODE = YES;
				CLANG_WARN__DUPLICATE_METHOD_MATCH = YES;
				COPY_PHASE_STRIP = NO;
				DEBUG_INFORMATION_FORMAT = "dwarf-with-dsym";
				ENABLE_NS_ASSERTIONS = NO;
				ENABLE_STRICT_OBJC_MSGSEND = YES;
				GCC_C_LANGUAGE_STANDARD = gnu11;
				GCC_NO_COMMON_BLOCKS = YES;
				GCC_WARN_64_TO_32_BIT_CONVERSION = YES;
				GCC_WARN_ABOUT_RETURN_TYPE = YES_ERROR;
				GCC_WARN_UNDECLARED_SELECTOR = YES;
				GCC_WARN_UNINITIALIZED_AUTOS = YES_AGGRESSIVE;
				GCC_WARN_UNUSED_FUNCTION = YES;
				GCC_WARN_UNUSED_VARIABLE = YES;
				IPHONEOS_DEPLOYMENT_TARGET = 13.4;
				MTL_ENABLE_DEBUG_INFO = NO;
				MTL_FAST_MATH = YES;
				SDKROOT = iphoneos;
				SWIFT_COMPILATION_MODE = wholemodule;
				SWIFT_OPTIMIZATION_LEVEL = "-O";
				VALIDATE_PRODUCT = YES;
			};
			name = Release;
		};
		841FCD0824558A7200B7C57F /* Debug */ = {
			isa = XCBuildConfiguration;
			buildSettings = {
				ASSETCATALOG_COMPILER_APPICON_NAME = AppIcon;
				CODE_SIGN_STYLE = Automatic;
				DEVELOPMENT_TEAM = 4G7H3D7APM;
				INFOPLIST_FILE = "app-ios/Info.plist";
				LD_RUNPATH_SEARCH_PATHS = (
					"$(inherited)",
					"@executable_path/Frameworks",
				);
				PRODUCT_BUNDLE_IDENTIFIER = "ru.kukhalashvili.la.app-ios";
				PRODUCT_NAME = "$(TARGET_NAME)";
				SWIFT_VERSION = 5.0;
				TARGETED_DEVICE_FAMILY = "1,2";
			};
			name = Debug;
		};
		841FCD0924558A7200B7C57F /* Release */ = {
			isa = XCBuildConfiguration;
			buildSettings = {
				ASSETCATALOG_COMPILER_APPICON_NAME = AppIcon;
				CODE_SIGN_STYLE = Automatic;
				DEVELOPMENT_TEAM = 4G7H3D7APM;
				INFOPLIST_FILE = "app-ios/Info.plist";
				LD_RUNPATH_SEARCH_PATHS = (
					"$(inherited)",
					"@executable_path/Frameworks",
				);
				PRODUCT_BUNDLE_IDENTIFIER = "ru.kukhalashvili.la.app-ios";
				PRODUCT_NAME = "$(TARGET_NAME)";
				SWIFT_VERSION = 5.0;
				TARGETED_DEVICE_FAMILY = "1,2";
			};
			name = Release;
		};
/* End XCBuildConfiguration section */

/* Begin XCConfigurationList section */
		841FCCEE24558A7200B7C57F /* Build configuration list for PBXProject "app-ios" */ = {
			isa = XCConfigurationList;
			buildConfigurations = (
				841FCD0524558A7200B7C57F /* Debug */,
				841FCD0624558A7200B7C57F /* Release */,
			);
			defaultConfigurationIsVisible = 0;
			defaultConfigurationName = Release;
		};
		841FCD0724558A7200B7C57F /* Build configuration list for PBXNativeTarget "app-ios" */ = {
			isa = XCConfigurationList;
			buildConfigurations = (
				841FCD0824558A7200B7C57F /* Debug */,
				841FCD0924558A7200B7C57F /* Release */,
			);
			defaultConfigurationIsVisible = 0;
			defaultConfigurationName = Release;
		};
/* End XCConfigurationList section */
	};
	rootObject = 841FCCEB24558A7200B7C57F /* Project object */;
}
